
Microsoft Visual Studio Solution File, Format Version 12.00
# Visual Studio 15
Project("{FAE04EC0-301F-11D3-BF4B-00C04F79EFBC}") = "data.repositories", "data.repositories\data.repositories.csproj", "{DBE93929-CF84-4009-A19C-6C5C64402FAB}"
EndProject
Project("{FAE04EC0-301F-11D3-BF4B-00C04F79EFBC}") = "domain.models", "domain.models\domain.models.csproj", "{8E040619-53D7-46E3-8F88-BBFECA5BB575}"
EndProject
Project("{FAE04EC0-301F-11D3-BF4B-00C04F79EFBC}") = "services", "services\services.csproj", "{49920259-5C28-4F64-AC19-64D7A64FFDCD}"
EndProject
Project("{FAE04EC0-301F-11D3-BF4B-00C04F79EFBC}") = "EntityConfiguration", "EntityConfiguration\EntityConfiguration.csproj", "{B042A278-81E0-4EB7-8D1F-AF2C05F488D1}"
EndProject
Project("{FAE04EC0-301F-11D3-BF4B-00C04F79EFBC}") = "helpers", "helpers\helpers.csproj", "{09415116-C7EE-4209-BF09-350A9FF766A7}"
EndProject
Project("{FAE04EC0-301F-11D3-BF4B-00C04F79EFBC}") = "ui", "ui\ui.csproj", "{E141B893-7770-463C-BCEB-E1A08F59C3E8}"
EndProject
Project("{E53339B2-1760-4266-BCC7-CA923CBCF16C}") = "docker-compose", "docker-compose.dcproj", "{048E91A5-24A0-4F3E-8107-03B18BF493F2}"
EndProject
Project("{FAE04EC0-301F-11D3-BF4B-00C04F79EFBC}") = "settings", "settings\settings.csproj", "{4DA5F50D-44AD-4236-8A9D-98E06D502229}"
EndProject
Project("{FAE04EC0-301F-11D3-BF4B-00C04F79EFBC}") = "viewmodels", "viewmodels\viewmodels.csproj", "{CC3C8C63-4FCE-464B-A208-D92E375E632D}"
EndProject
Project("{FAE04EC0-301F-11D3-BF4B-00C04F79EFBC}") = "api", "api\api.csproj", "{3822F658-984A-488F-A346-581030734460}"
EndProject
Project("{FAE04EC0-301F-11D3-BF4B-00C04F79EFBC}") = "datacontexts", "datacontexts\datacontexts.csproj", "{AD48AEF2-3A76-43A2-84C1-95DA2641EE00}"
EndProject
Global
	GlobalSection(SolutionConfigurationPlatforms) = preSolution
		Debug|Any CPU = Debug|Any CPU
		Release|Any CPU = Release|Any CPU
	EndGlobalSection
	GlobalSection(ProjectConfigurationPlatforms) = postSolution
		{DBE93929-CF84-4009-A19C-6C5C64402FAB}.Debug|Any CPU.ActiveCfg = Debug|Any CPU
		{DBE93929-CF84-4009-A19C-6C5C64402FAB}.Debug|Any CPU.Build.0 = Debug|Any CPU
		{DBE93929-CF84-4009-A19C-6C5C64402FAB}.Release|Any CPU.ActiveCfg = Release|Any CPU
		{DBE93929-CF84-4009-A19C-6C5C64402FAB}.Release|Any CPU.Build.0 = Release|Any CPU
		{8E040619-53D7-46E3-8F88-BBFECA5BB575}.Debug|Any CPU.ActiveCfg = Debug|Any CPU
		{8E040619-53D7-46E3-8F88-BBFECA5BB575}.Debug|Any CPU.Build.0 = Debug|Any CPU
		{8E040619-53D7-46E3-8F88-BBFECA5BB575}.Release|Any CPU.ActiveCfg = Release|Any CPU
		{8E040619-53D7-46E3-8F88-BBFECA5BB575}.Release|Any CPU.Build.0 = Release|Any CPU
		{49920259-5C28-4F64-AC19-64D7A64FFDCD}.Debug|Any CPU.ActiveCfg = Debug|Any CPU
		{49920259-5C28-4F64-AC19-64D7A64FFDCD}.Debug|Any CPU.Build.0 = Debug|Any CPU
		{49920259-5C28-4F64-AC19-64D7A64FFDCD}.Release|Any CPU.ActiveCfg = Release|Any CPU
		{49920259-5C28-4F64-AC19-64D7A64FFDCD}.Release|Any CPU.Build.0 = Release|Any CPU
		{B042A278-81E0-4EB7-8D1F-AF2C05F488D1}.Debug|Any CPU.ActiveCfg = Debug|Any CPU
		{B042A278-81E0-4EB7-8D1F-AF2C05F488D1}.Debug|Any CPU.Build.0 = Debug|Any CPU
		{B042A278-81E0-4EB7-8D1F-AF2C05F488D1}.Release|Any CPU.ActiveCfg = Release|Any CPU
		{B042A278-81E0-4EB7-8D1F-AF2C05F488D1}.Release|Any CPU.Build.0 = Release|Any CPU
		{09415116-C7EE-4209-BF09-350A9FF766A7}.Debug|Any CPU.ActiveCfg = Debug|Any CPU
		{09415116-C7EE-4209-BF09-350A9FF766A7}.Debug|Any CPU.Build.0 = Debug|Any CPU
		{09415116-C7EE-4209-BF09-350A9FF766A7}.Release|Any CPU.ActiveCfg = Release|Any CPU
		{09415116-C7EE-4209-BF09-350A9FF766A7}.Release|Any CPU.Build.0 = Release|Any CPU
		{E141B893-7770-463C-BCEB-E1A08F59C3E8}.Debug|Any CPU.ActiveCfg = Debug|Any CPU
		{E141B893-7770-463C-BCEB-E1A08F59C3E8}.Debug|Any CPU.Build.0 = Debug|Any CPU
		{E141B893-7770-463C-BCEB-E1A08F59C3E8}.Release|Any CPU.ActiveCfg = Release|Any CPU
		{E141B893-7770-463C-BCEB-E1A08F59C3E8}.Release|Any CPU.Build.0 = Release|Any CPU
		{048E91A5-24A0-4F3E-8107-03B18BF493F2}.Debug|Any CPU.ActiveCfg = Debug|Any CPU
		{048E91A5-24A0-4F3E-8107-03B18BF493F2}.Debug|Any CPU.Build.0 = Debug|Any CPU
		{048E91A5-24A0-4F3E-8107-03B18BF493F2}.Release|Any CPU.ActiveCfg = Release|Any CPU
		{048E91A5-24A0-4F3E-8107-03B18BF493F2}.Release|Any CPU.Build.0 = Release|Any CPU
		{4DA5F50D-44AD-4236-8A9D-98E06D502229}.Debug|Any CPU.ActiveCfg = Debug|Any CPU
		{4DA5F50D-44AD-4236-8A9D-98E06D502229}.Debug|Any CPU.Build.0 = Debug|Any CPU
		{4DA5F50D-44AD-4236-8A9D-98E06D502229}.Release|Any CPU.ActiveCfg = Release|Any CPU
		{4DA5F50D-44AD-4236-8A9D-98E06D502229}.Release|Any CPU.Build.0 = Release|Any CPU
		{CC3C8C63-4FCE-464B-A208-D92E375E632D}.Debug|Any CPU.ActiveCfg = Debug|Any CPU
		{CC3C8C63-4FCE-464B-A208-D92E375E632D}.Debug|Any CPU.Build.0 = Debug|Any CPU
		{CC3C8C63-4FCE-464B-A208-D92E375E632D}.Release|Any CPU.ActiveCfg = Release|Any CPU
		{CC3C8C63-4FCE-464B-A208-D92E375E632D}.Release|Any CPU.Build.0 = Release|Any CPU
		{3822F658-984A-488F-A346-581030734460}.Debug|Any CPU.ActiveCfg = Debug|Any CPU
		{3822F658-984A-488F-A346-581030734460}.Debug|Any CPU.Build.0 = Debug|Any CPU
		{3822F658-984A-488F-A346-581030734460}.Release|Any CPU.ActiveCfg = Release|Any CPU
		{3822F658-984A-488F-A346-581030734460}.Release|Any CPU.Build.0 = Release|Any CPU
		{AD48AEF2-3A76-43A2-84C1-95DA2641EE00}.Debug|Any CPU.ActiveCfg = Debug|Any CPU
		{AD48AEF2-3A76-43A2-84C1-95DA2641EE00}.Debug|Any CPU.Build.0 = Debug|Any CPU
		{AD48AEF2-3A76-43A2-84C1-95DA2641EE00}.Release|Any CPU.ActiveCfg = Release|Any CPU
		{AD48AEF2-3A76-43A2-84C1-95DA2641EE00}.Release|Any CPU.Build.0 = Release|Any CPU
	EndGlobalSection
EndGlobal
